
Microsoft Visual Studio Solution File, Format Version 12.00
# Visual Studio Version 16
VisualStudioVersion = 16.0.29020.237
MinimumVisualStudioVersion = 10.0.40219.1
Project("{9A19103F-16F7-4668-BE54-9A1E7A4F7556}") = "K2Bridge", "K2Bridge\K2Bridge.csproj", "{F1641EEA-CA25-4FF3-9786-F823202EF7B1}"
EndProject
Project("{2150E333-8FDC-42A3-9474-1A3956D46DE8}") = "Solution Items", "Solution Items", "{44B06D40-F904-4106-ABAC-106726BBDA8C}"
	ProjectSection(SolutionItems) = preProject
		.gitignore = .gitignore
		azure-pipelines.yml = azure-pipelines.yml
		CODE_OF_CONDUCT.md = CODE_OF_CONDUCT.md
		LICENSE = LICENSE
		README.md = README.md
	EndProjectSection
EndProject
Project("{FAE04EC0-301F-11D3-BF4B-00C04F79EFBC}") = "K2BridgeUnitTests", "tests\K2BridgeUnitTests\K2BridgeUnitTests.csproj", "{B0752370-5A8B-40CF-B5C3-30E47A0CE316}"
EndProject
Global
	GlobalSection(SolutionConfigurationPlatforms) = preSolution
		Debug|Any CPU = Debug|Any CPU
		Release|Any CPU = Release|Any CPU
	EndGlobalSection
	GlobalSection(ProjectConfigurationPlatforms) = postSolution
		{F1641EEA-CA25-4FF3-9786-F823202EF7B1}.Debug|Any CPU.ActiveCfg = Debug|Any CPU
		{F1641EEA-CA25-4FF3-9786-F823202EF7B1}.Debug|Any CPU.Build.0 = Debug|Any CPU
		{F1641EEA-CA25-4FF3-9786-F823202EF7B1}.Release|Any CPU.ActiveCfg = Release|Any CPU
		{F1641EEA-CA25-4FF3-9786-F823202EF7B1}.Release|Any CPU.Build.0 = Release|Any CPU
		{B0752370-5A8B-40CF-B5C3-30E47A0CE316}.Debug|Any CPU.ActiveCfg = Debug|Any CPU
		{B0752370-5A8B-40CF-B5C3-30E47A0CE316}.Debug|Any CPU.Build.0 = Debug|Any CPU
		{B0752370-5A8B-40CF-B5C3-30E47A0CE316}.Release|Any CPU.ActiveCfg = Release|Any CPU
		{B0752370-5A8B-40CF-B5C3-30E47A0CE316}.Release|Any CPU.Build.0 = Release|Any CPU
	EndGlobalSection
	GlobalSection(SolutionProperties) = preSolution
		HideSolutionNode = FALSE
	EndGlobalSection
	GlobalSection(ExtensibilityGlobals) = postSolution
		SolutionGuid = {E55E11EA-AB0F-4280-943D-F6F1EC519DFB}
	EndGlobalSection
	GlobalSection(NestedProjects) = preSolution
		{B0752370-5A8B-40CF-B5C3-30E47A0CE316} = {43C8702D-4207-481D-AC51-EE1241A0AA17}
	EndGlobalSection
EndGlobal
